
Microsoft Visual Studio Solution File, Format Version 12.00
# Visual Studio Version 17
VisualStudioVersion = 17.6.33723.286
MinimumVisualStudioVersion = 10.0.40219.1
Project("{FAE04EC0-301F-11D3-BF4B-00C04F79EFBC}") = "MSB.UI-WPF", "MSB.UI-WPF\MSB.UI-WPF.csproj", "{BC4E46D6-F00E-42E9-B6AA-E4BCD68DC1F6}"
EndProject
Global
	GlobalSection(SolutionConfigurationPlatforms) = preSolution
		Debug|Any CPU = Debug|Any CPU
		Release|Any CPU = Release|Any CPU
	EndGlobalSection
	GlobalSection(ProjectConfigurationPlatforms) = postSolution
		{BC4E46D6-F00E-42E9-B6AA-E4BCD68DC1F6}.Debug|Any CPU.ActiveCfg = Debug|Any CPU
		{BC4E46D6-F00E-42E9-B6AA-E4BCD68DC1F6}.Debug|Any CPU.Build.0 = Debug|Any CPU
		{BC4E46D6-F00E-42E9-B6AA-E4BCD68DC1F6}.Release|Any CPU.ActiveCfg = Release|Any CPU
		{BC4E46D6-F00E-42E9-B6AA-E4BCD68DC1F6}.Release|Any CPU.Build.0 = Release|Any CPU
	EndGlobalSection
	GlobalSection(SolutionProperties) = preSolution
		HideSolutionNode = FALSE
	EndGlobalSection
	GlobalSection(ExtensibilityGlobals) = postSolution
		SolutionGuid = {955947FD-1CF0-4D40-8883-DFFCF6542491}
	EndGlobalSection
EndGlobal
